
Microsoft Visual Studio Solution File, Format Version 12.00
# Visual Studio Version 17
VisualStudioVersion = 17.1.32414.318
MinimumVisualStudioVersion = 10.0.40219.1
Project("{FAE04EC0-301F-11D3-BF4B-00C04F79EFBC}") = "GbxPreviewWeb", "GbxPreviewWeb\GbxPreviewWeb.csproj", "{6E67C036-E2C2-413B-B839-861F1315A1DB}"
EndProject
Project("{2150E333-8FDC-42A3-9474-1A3956D46DE8}") = "Solution Items", "Solution Items", "{03CB749C-4B00-41E8-AA0C-5DC63241C5BD}"
	ProjectSection(SolutionItems) = preProject
		.editorconfig = .editorconfig
	EndProjectSection
EndProject
Global
	GlobalSection(SolutionConfigurationPlatforms) = preSolution
		Debug|Any CPU = Debug|Any CPU
		Release|Any CPU = Release|Any CPU
	EndGlobalSection
	GlobalSection(ProjectConfigurationPlatforms) = postSolution
		{6E67C036-E2C2-413B-B839-861F1315A1DB}.Debug|Any CPU.ActiveCfg = Debug|Any CPU
		{6E67C036-E2C2-413B-B839-861F1315A1DB}.Debug|Any CPU.Build.0 = Debug|Any CPU
		{6E67C036-E2C2-413B-B839-861F1315A1DB}.Release|Any CPU.ActiveCfg = Release|Any CPU
		{6E67C036-E2C2-413B-B839-861F1315A1DB}.Release|Any CPU.Build.0 = Release|Any CPU
	EndGlobalSection
	GlobalSection(SolutionProperties) = preSolution
		HideSolutionNode = FALSE
	EndGlobalSection
	GlobalSection(ExtensibilityGlobals) = postSolution
		SolutionGuid = {F632B5B5-30D1-453E-965D-1DB2178073A0}
	EndGlobalSection
EndGlobal
